
Microsoft Visual Studio Solution File, Format Version 12.00
# Visual Studio 14
VisualStudioVersion = 14.0.25420.1
MinimumVisualStudioVersion = 10.0.40219.1
Project("{FAE04EC0-301F-11D3-BF4B-00C04F79EFBC}") = "MyEvernote.Model", "MyEvernote.Model\MyEvernote.Model.csproj", "{C3515490-FBC0-41D0-9EC7-AC613C7815AB}"
EndProject
Project("{FAE04EC0-301F-11D3-BF4B-00C04F79EFBC}") = "MyEvernote.DataLayer", "MyEvernote.DataLayer\MyEvernote.DataLayer.csproj", "{F082190F-C25C-48E5-A015-D290A521C93F}"
EndProject
Project("{FAE04EC0-301F-11D3-BF4B-00C04F79EFBC}") = "MyEvernote.DataLayer.SQL", "MyEvernote.DataLayer.SQL\MyEvernote.DataLayer.SQL.csproj", "{B0EA0AF0-AE21-453E-946D-07B4DD42B2A8}"
EndProject
Project("{FAE04EC0-301F-11D3-BF4B-00C04F79EFBC}") = "MyEvernote.DataLayer.SQL.Tests", "MyEvernote.DataLayer.SQL.Tests\MyEvernote.DataLayer.SQL.Tests.csproj", "{6167B3DD-9F81-401E-891E-6D72CD3130E5}"
EndProject
Project("{FAE04EC0-301F-11D3-BF4B-00C04F79EFBC}") = "MyEvernote.Api", "MyEvernote.Api\MyEvernote.Api.csproj", "{D61E8AA6-F38D-433A-A41F-B333BF11D002}"
EndProject
Project("{FAE04EC0-301F-11D3-BF4B-00C04F79EFBC}") = "MyEvernote.Logger", "MyEvernote.Logger\MyEvernote.Logger.csproj", "{CC084558-9793-4906-B5FC-D74FCEF64D57}"
EndProject
Project("{FAE04EC0-301F-11D3-BF4B-00C04F79EFBC}") = "MyEvernote.WinForm", "MyEvernote.WinForm\MyEvernote.WinForm.csproj", "{708D229C-E63A-43F3-9D78-4CD4A3892242}"
EndProject
Global
	GlobalSection(SolutionConfigurationPlatforms) = preSolution
		Debug|Any CPU = Debug|Any CPU
		Release|Any CPU = Release|Any CPU
	EndGlobalSection
	GlobalSection(ProjectConfigurationPlatforms) = postSolution
		{C3515490-FBC0-41D0-9EC7-AC613C7815AB}.Debug|Any CPU.ActiveCfg = Debug|Any CPU
		{C3515490-FBC0-41D0-9EC7-AC613C7815AB}.Debug|Any CPU.Build.0 = Debug|Any CPU
		{C3515490-FBC0-41D0-9EC7-AC613C7815AB}.Release|Any CPU.ActiveCfg = Release|Any CPU
		{C3515490-FBC0-41D0-9EC7-AC613C7815AB}.Release|Any CPU.Build.0 = Release|Any CPU
		{F082190F-C25C-48E5-A015-D290A521C93F}.Debug|Any CPU.ActiveCfg = Debug|Any CPU
		{F082190F-C25C-48E5-A015-D290A521C93F}.Debug|Any CPU.Build.0 = Debug|Any CPU
		{F082190F-C25C-48E5-A015-D290A521C93F}.Release|Any CPU.ActiveCfg = Release|Any CPU
		{F082190F-C25C-48E5-A015-D290A521C93F}.Release|Any CPU.Build.0 = Release|Any CPU
		{B0EA0AF0-AE21-453E-946D-07B4DD42B2A8}.Debug|Any CPU.ActiveCfg = Debug|Any CPU
		{B0EA0AF0-AE21-453E-946D-07B4DD42B2A8}.Debug|Any CPU.Build.0 = Debug|Any CPU
		{B0EA0AF0-AE21-453E-946D-07B4DD42B2A8}.Release|Any CPU.ActiveCfg = Release|Any CPU
		{B0EA0AF0-AE21-453E-946D-07B4DD42B2A8}.Release|Any CPU.Build.0 = Release|Any CPU
		{6167B3DD-9F81-401E-891E-6D72CD3130E5}.Debug|Any CPU.ActiveCfg = Debug|Any CPU
		{6167B3DD-9F81-401E-891E-6D72CD3130E5}.Debug|Any CPU.Build.0 = Debug|Any CPU
		{6167B3DD-9F81-401E-891E-6D72CD3130E5}.Release|Any CPU.ActiveCfg = Release|Any CPU
		{6167B3DD-9F81-401E-891E-6D72CD3130E5}.Release|Any CPU.Build.0 = Release|Any CPU
		{D61E8AA6-F38D-433A-A41F-B333BF11D002}.Debug|Any CPU.ActiveCfg = Debug|Any CPU
		{D61E8AA6-F38D-433A-A41F-B333BF11D002}.Debug|Any CPU.Build.0 = Debug|Any CPU
		{D61E8AA6-F38D-433A-A41F-B333BF11D002}.Release|Any CPU.ActiveCfg = Release|Any CPU
		{D61E8AA6-F38D-433A-A41F-B333BF11D002}.Release|Any CPU.Build.0 = Release|Any CPU
		{CC084558-9793-4906-B5FC-D74FCEF64D57}.Debug|Any CPU.ActiveCfg = Debug|Any CPU
		{CC084558-9793-4906-B5FC-D74FCEF64D57}.Debug|Any CPU.Build.0 = Debug|Any CPU
		{CC084558-9793-4906-B5FC-D74FCEF64D57}.Release|Any CPU.ActiveCfg = Release|Any CPU
		{CC084558-9793-4906-B5FC-D74FCEF64D57}.Release|Any CPU.Build.0 = Release|Any CPU
		{708D229C-E63A-43F3-9D78-4CD4A3892242}.Debug|Any CPU.ActiveCfg = Debug|Any CPU
		{708D229C-E63A-43F3-9D78-4CD4A3892242}.Debug|Any CPU.Build.0 = Debug|Any CPU
		{708D229C-E63A-43F3-9D78-4CD4A3892242}.Release|Any CPU.ActiveCfg = Release|Any CPU
		{708D229C-E63A-43F3-9D78-4CD4A3892242}.Release|Any CPU.Build.0 = Release|Any CPU
	EndGlobalSection
	GlobalSection(SolutionProperties) = preSolution
		HideSolutionNode = FALSE
	EndGlobalSection
EndGlobal
